// !$*UTF8*$!
{
	archiveVersion = 1;
	classes = {
	};
	objectVersion = 56;
	objects = {

/* Begin PBXBuildFile section */
		FC3064FE2B164BAB0080501B /* Localizable.strings in Resources */ = {isa = PBXBuildFile; fileRef = FC3064FD2B164BAB0080501B /* Localizable.strings */; };
		FC3065002B164BBD0080501B /* Images.xcassets in Resources */ = {isa = PBXBuildFile; fileRef = FC3064FF2B164BBD0080501B /* Images.xcassets */; };
		FC3065022B164BC50080501B /* Colors.xcassets in Resources */ = {isa = PBXBuildFile; fileRef = FC3065012B164BC50080501B /* Colors.xcassets */; };
		FC3065072B164CC30080501B /* Images.swift in Sources */ = {isa = PBXBuildFile; fileRef = FC3065032B164CC30080501B /* Images.swift */; };
		FC3065082B164CC30080501B /* Strings.swift in Sources */ = {isa = PBXBuildFile; fileRef = FC3065042B164CC30080501B /* Strings.swift */; };
		FC3065092B164CC30080501B /* Colors.swift in Sources */ = {isa = PBXBuildFile; fileRef = FC3065052B164CC30080501B /* Colors.swift */; };
		FC30650A2B164CC30080501B /* Fonts.swift in Sources */ = {isa = PBXBuildFile; fileRef = FC3065062B164CC30080501B /* Fonts.swift */; };
		FC30650D2B164F1D0080501B /* swiftgen.yml in Resources */ = {isa = PBXBuildFile; fileRef = FC30650C2B164F1D0080501B /* swiftgen.yml */; };
		FC30650F2B164F850080501B /* swiftlint.yml in Resources */ = {isa = PBXBuildFile; fileRef = FC30650E2B164F850080501B /* swiftlint.yml */; };
		FC3065122B1650680080501B /* netfox in Frameworks */ = {isa = PBXBuildFile; productRef = FC3065112B1650680080501B /* netfox */; };
		FC8831132B163C8D00A2F5F0 /* TopchikApp.swift in Sources */ = {isa = PBXBuildFile; fileRef = FC8831122B163C8D00A2F5F0 /* TopchikApp.swift */; };
		FC8831152B163C8D00A2F5F0 /* ContentView.swift in Sources */ = {isa = PBXBuildFile; fileRef = FC8831142B163C8D00A2F5F0 /* ContentView.swift */; };
		FC8831172B163C8E00A2F5F0 /* Assets.xcassets in Resources */ = {isa = PBXBuildFile; fileRef = FC8831162B163C8E00A2F5F0 /* Assets.xcassets */; };
		FC88311A2B163C8E00A2F5F0 /* Preview Assets.xcassets in Resources */ = {isa = PBXBuildFile; fileRef = FC8831192B163C8E00A2F5F0 /* Preview Assets.xcassets */; };
/* End PBXBuildFile section */

/* Begin PBXFileReference section */
		FC3064FD2B164BAB0080501B /* Localizable.strings */ = {isa = PBXFileReference; lastKnownFileType = text.plist.strings; path = Localizable.strings; sourceTree = "<group>"; };
		FC3064FF2B164BBD0080501B /* Images.xcassets */ = {isa = PBXFileReference; lastKnownFileType = folder.assetcatalog; path = Images.xcassets; sourceTree = "<group>"; };
		FC3065012B164BC50080501B /* Colors.xcassets */ = {isa = PBXFileReference; lastKnownFileType = folder.assetcatalog; path = Colors.xcassets; sourceTree = "<group>"; };
		FC3065032B164CC30080501B /* Images.swift */ = {isa = PBXFileReference; fileEncoding = 4; lastKnownFileType = sourcecode.swift; path = Images.swift; sourceTree = "<group>"; };
		FC3065042B164CC30080501B /* Strings.swift */ = {isa = PBXFileReference; fileEncoding = 4; lastKnownFileType = sourcecode.swift; path = Strings.swift; sourceTree = "<group>"; };
		FC3065052B164CC30080501B /* Colors.swift */ = {isa = PBXFileReference; fileEncoding = 4; lastKnownFileType = sourcecode.swift; path = Colors.swift; sourceTree = "<group>"; };
		FC3065062B164CC30080501B /* Fonts.swift */ = {isa = PBXFileReference; fileEncoding = 4; lastKnownFileType = sourcecode.swift; path = Fonts.swift; sourceTree = "<group>"; };
		FC30650C2B164F1D0080501B /* swiftgen.yml */ = {isa = PBXFileReference; fileEncoding = 4; lastKnownFileType = text.yaml; path = swiftgen.yml; sourceTree = SOURCE_ROOT; };
		FC30650E2B164F850080501B /* swiftlint.yml */ = {isa = PBXFileReference; fileEncoding = 4; lastKnownFileType = text.yaml; path = swiftlint.yml; sourceTree = SOURCE_ROOT; };
		FC88310F2B163C8D00A2F5F0 /* Topchik.app */ = {isa = PBXFileReference; explicitFileType = wrapper.application; includeInIndex = 0; path = Topchik.app; sourceTree = BUILT_PRODUCTS_DIR; };
		FC8831122B163C8D00A2F5F0 /* TopchikApp.swift */ = {isa = PBXFileReference; lastKnownFileType = sourcecode.swift; path = TopchikApp.swift; sourceTree = "<group>"; };
		FC8831142B163C8D00A2F5F0 /* ContentView.swift */ = {isa = PBXFileReference; lastKnownFileType = sourcecode.swift; path = ContentView.swift; sourceTree = "<group>"; };
		FC8831162B163C8E00A2F5F0 /* Assets.xcassets */ = {isa = PBXFileReference; lastKnownFileType = folder.assetcatalog; path = Assets.xcassets; sourceTree = "<group>"; };
		FC8831192B163C8E00A2F5F0 /* Preview Assets.xcassets */ = {isa = PBXFileReference; lastKnownFileType = folder.assetcatalog; path = "Preview Assets.xcassets"; sourceTree = "<group>"; };
/* End PBXFileReference section */

/* Begin PBXFrameworksBuildPhase section */
		FC88310C2B163C8D00A2F5F0 /* Frameworks */ = {
			isa = PBXFrameworksBuildPhase;
			buildActionMask = 2147483647;
			files = (
				FC3065122B1650680080501B /* netfox in Frameworks */,
			);
			runOnlyForDeploymentPostprocessing = 0;
		};
/* End PBXFrameworksBuildPhase section */

/* Begin PBXGroup section */
		FC3064F92B164B170080501B /* Localizable */ = {
			isa = PBXGroup;
			children = (
				FC3064FD2B164BAB0080501B /* Localizable.strings */,
			);
			path = Localizable;
			sourceTree = "<group>";
		};
		FC3064FA2B164B2B0080501B /* Assets */ = {
			isa = PBXGroup;
			children = (
				FC3064FF2B164BBD0080501B /* Images.xcassets */,
				FC3065012B164BC50080501B /* Colors.xcassets */,
			);
			path = Assets;
			sourceTree = "<group>";
		};
		FC3064FB2B164B330080501B /* Fonts */ = {
			isa = PBXGroup;
			children = (
			);
			path = Fonts;
			sourceTree = "<group>";
		};
		FC3064FC2B164B3A0080501B /* Autogenerated */ = {
			isa = PBXGroup;
			children = (
				FC3065052B164CC30080501B /* Colors.swift */,
				FC3065062B164CC30080501B /* Fonts.swift */,
				FC3065032B164CC30080501B /* Images.swift */,
				FC3065042B164CC30080501B /* Strings.swift */,
			);
			path = Autogenerated;
			sourceTree = "<group>";
		};
		FC57C63C2B164AA5004327AD /* Resource */ = {
			isa = PBXGroup;
			children = (
				FC8831162B163C8E00A2F5F0 /* Assets.xcassets */,
				FC3064FC2B164B3A0080501B /* Autogenerated */,
				FC3064FB2B164B330080501B /* Fonts */,
				FC3064FA2B164B2B0080501B /* Assets */,
				FC3064F92B164B170080501B /* Localizable */,
			);
			path = Resource;
			sourceTree = "<group>";
		};
		FC8831062B163C8D00A2F5F0 = {
			isa = PBXGroup;
			children = (
				FC8831112B163C8D00A2F5F0 /* Topchik */,
				FC8831102B163C8D00A2F5F0 /* Products */,
			);
			sourceTree = "<group>";
		};
		FC8831102B163C8D00A2F5F0 /* Products */ = {
			isa = PBXGroup;
			children = (
				FC88310F2B163C8D00A2F5F0 /* Topchik.app */,
			);
			name = Products;
			sourceTree = "<group>";
		};
		FC8831112B163C8D00A2F5F0 /* Topchik */ = {
			isa = PBXGroup;
			children = (
				FC30650E2B164F850080501B /* swiftlint.yml */,
				FC30650C2B164F1D0080501B /* swiftgen.yml */,
				FC57C63C2B164AA5004327AD /* Resource */,
				FC8831122B163C8D00A2F5F0 /* TopchikApp.swift */,
				FC8831142B163C8D00A2F5F0 /* ContentView.swift */,
				FC8831182B163C8E00A2F5F0 /* Preview Content */,
			);
			path = Topchik;
			sourceTree = "<group>";
		};
		FC8831182B163C8E00A2F5F0 /* Preview Content */ = {
			isa = PBXGroup;
			children = (
				FC8831192B163C8E00A2F5F0 /* Preview Assets.xcassets */,
			);
			path = "Preview Content";
			sourceTree = "<group>";
		};
/* End PBXGroup section */

/* Begin PBXNativeTarget section */
		FC88310E2B163C8D00A2F5F0 /* Topchik */ = {
			isa = PBXNativeTarget;
			buildConfigurationList = FC88311D2B163C8E00A2F5F0 /* Build configuration list for PBXNativeTarget "Topchik" */;
			buildPhases = (
				FC88310B2B163C8D00A2F5F0 /* Sources */,
				FC88310C2B163C8D00A2F5F0 /* Frameworks */,
				FC88310D2B163C8D00A2F5F0 /* Resources */,
				FC30650B2B164EBB0080501B /* ShellScript */,
			);
			buildRules = (
			);
			dependencies = (
			);
			name = Topchik;
			packageProductDependencies = (
				FC3065112B1650680080501B /* netfox */,
			);
			productName = Topchik;
			productReference = FC88310F2B163C8D00A2F5F0 /* Topchik.app */;
			productType = "com.apple.product-type.application";
		};
/* End PBXNativeTarget section */

/* Begin PBXProject section */
		FC8831072B163C8D00A2F5F0 /* Project object */ = {
			isa = PBXProject;
			attributes = {
				BuildIndependentTargetsInParallel = 1;
				LastSwiftUpdateCheck = 1430;
				LastUpgradeCheck = 1430;
				TargetAttributes = {
					FC88310E2B163C8D00A2F5F0 = {
						CreatedOnToolsVersion = 14.3.1;
					};
				};
			};
			buildConfigurationList = FC88310A2B163C8D00A2F5F0 /* Build configuration list for PBXProject "Topchik" */;
			compatibilityVersion = "Xcode 14.0";
			developmentRegion = en;
			hasScannedForEncodings = 0;
			knownRegions = (
				en,
				Base,
			);
			mainGroup = FC8831062B163C8D00A2F5F0;
			packageReferences = (
				FC3065102B1650680080501B /* XCRemoteSwiftPackageReference "netfox" */,
			);
			productRefGroup = FC8831102B163C8D00A2F5F0 /* Products */;
			projectDirPath = "";
			projectRoot = "";
			targets = (
				FC88310E2B163C8D00A2F5F0 /* Topchik */,
			);
		};
/* End PBXProject section */

/* Begin PBXResourcesBuildPhase section */
		FC88310D2B163C8D00A2F5F0 /* Resources */ = {
			isa = PBXResourcesBuildPhase;
			buildActionMask = 2147483647;
			files = (
				FC3065022B164BC50080501B /* Colors.xcassets in Resources */,
				FC88311A2B163C8E00A2F5F0 /* Preview Assets.xcassets in Resources */,
				FC3065002B164BBD0080501B /* Images.xcassets in Resources */,
				FC30650F2B164F850080501B /* swiftlint.yml in Resources */,
				FC3064FE2B164BAB0080501B /* Localizable.strings in Resources */,
				FC8831172B163C8E00A2F5F0 /* Assets.xcassets in Resources */,
				FC30650D2B164F1D0080501B /* swiftgen.yml in Resources */,
			);
			runOnlyForDeploymentPostprocessing = 0;
		};
/* End PBXResourcesBuildPhase section */

/* Begin PBXShellScriptBuildPhase section */
		FC30650B2B164EBB0080501B /* ShellScript */ = {
			isa = PBXShellScriptBuildPhase;
			buildActionMask = 2147483647;
			files = (
			);
			inputFileListPaths = (
			);
			inputPaths = (
			);
			outputFileListPaths = (
			);
			outputPaths = (
			);
			runOnlyForDeploymentPostprocessing = 0;
			shellPath = /bin/sh;
			shellScript = "if which swiftlint >/dev/null; then\n  swiftlint\nelse\n  echo \"warning: SwiftLint not installed, download from https://github.com/realm/SwiftLint\"\nfi\n";
		};
/* End PBXShellScriptBuildPhase section */

/* Begin PBXSourcesBuildPhase section */
		FC88310B2B163C8D00A2F5F0 /* Sources */ = {
			isa = PBXSourcesBuildPhase;
			buildActionMask = 2147483647;
			files = (
				FC8831152B163C8D00A2F5F0 /* ContentView.swift in Sources */,
				FC3065092B164CC30080501B /* Colors.swift in Sources */,
				FC3065072B164CC30080501B /* Images.swift in Sources */,
				FC3065082B164CC30080501B /* Strings.swift in Sources */,
				FC30650A2B164CC30080501B /* Fonts.swift in Sources */,
				FC8831132B163C8D00A2F5F0 /* TopchikApp.swift in Sources */,
			);
			runOnlyForDeploymentPostprocessing = 0;
		};
/* End PBXSourcesBuildPhase section */

/* Begin XCBuildConfiguration section */
		FC88311B2B163C8E00A2F5F0 /* Debug */ = {
			isa = XCBuildConfiguration;
			buildSettings = {
				ALWAYS_SEARCH_USER_PATHS = NO;
				CLANG_ANALYZER_NONNULL = YES;
				CLANG_ANALYZER_NUMBER_OBJECT_CONVERSION = YES_AGGRESSIVE;
				CLANG_CXX_LANGUAGE_STANDARD = "gnu++20";
				CLANG_ENABLE_MODULES = YES;
				CLANG_ENABLE_OBJC_ARC = YES;
				CLANG_ENABLE_OBJC_WEAK = YES;
				CLANG_WARN_BLOCK_CAPTURE_AUTORELEASING = YES;
				CLANG_WARN_BOOL_CONVERSION = YES;
				CLANG_WARN_COMMA = YES;
				CLANG_WARN_CONSTANT_CONVERSION = YES;
				CLANG_WARN_DEPRECATED_OBJC_IMPLEMENTATIONS = YES;
				CLANG_WARN_DIRECT_OBJC_ISA_USAGE = YES_ERROR;
				CLANG_WARN_DOCUMENTATION_COMMENTS = YES;
				CLANG_WARN_EMPTY_BODY = YES;
				CLANG_WARN_ENUM_CONVERSION = YES;
				CLANG_WARN_INFINITE_RECURSION = YES;
				CLANG_WARN_INT_CONVERSION = YES;
				CLANG_WARN_NON_LITERAL_NULL_CONVERSION = YES;
				CLANG_WARN_OBJC_IMPLICIT_RETAIN_SELF = YES;
				CLANG_WARN_OBJC_LITERAL_CONVERSION = YES;
				CLANG_WARN_OBJC_ROOT_CLASS = YES_ERROR;
				CLANG_WARN_QUOTED_INCLUDE_IN_FRAMEWORK_HEADER = YES;
				CLANG_WARN_RANGE_LOOP_ANALYSIS = YES;
				CLANG_WARN_STRICT_PROTOTYPES = YES;
				CLANG_WARN_SUSPICIOUS_MOVE = YES;
				CLANG_WARN_UNGUARDED_AVAILABILITY = YES_AGGRESSIVE;
				CLANG_WARN_UNREACHABLE_CODE = YES;
				CLANG_WARN__DUPLICATE_METHOD_MATCH = YES;
				COPY_PHASE_STRIP = NO;
				DEBUG_INFORMATION_FORMAT = dwarf;
				ENABLE_STRICT_OBJC_MSGSEND = YES;
				ENABLE_TESTABILITY = YES;
				GCC_C_LANGUAGE_STANDARD = gnu11;
				GCC_DYNAMIC_NO_PIC = NO;
				GCC_NO_COMMON_BLOCKS = YES;
				GCC_OPTIMIZATION_LEVEL = 0;
				GCC_PREPROCESSOR_DEFINITIONS = (
					"DEBUG=1",
					"$(inherited)",
				);
				GCC_WARN_64_TO_32_BIT_CONVERSION = YES;
				GCC_WARN_ABOUT_RETURN_TYPE = YES_ERROR;
				GCC_WARN_UNDECLARED_SELECTOR = YES;
				GCC_WARN_UNINITIALIZED_AUTOS = YES_AGGRESSIVE;
				GCC_WARN_UNUSED_FUNCTION = YES;
				GCC_WARN_UNUSED_VARIABLE = YES;
				IPHONEOS_DEPLOYMENT_TARGET = 16.4;
				MTL_ENABLE_DEBUG_INFO = INCLUDE_SOURCE;
				MTL_FAST_MATH = YES;
				ONLY_ACTIVE_ARCH = YES;
				SDKROOT = iphoneos;
				SWIFT_ACTIVE_COMPILATION_CONDITIONS = DEBUG;
				SWIFT_OPTIMIZATION_LEVEL = "-Onone";
			};
			name = Debug;
		};
		FC88311C2B163C8E00A2F5F0 /* Release */ = {
			isa = XCBuildConfiguration;
			buildSettings = {
				ALWAYS_SEARCH_USER_PATHS = NO;
				CLANG_ANALYZER_NONNULL = YES;
				CLANG_ANALYZER_NUMBER_OBJECT_CONVERSION = YES_AGGRESSIVE;
				CLANG_CXX_LANGUAGE_STANDARD = "gnu++20";
				CLANG_ENABLE_MODULES = YES;
				CLANG_ENABLE_OBJC_ARC = YES;
				CLANG_ENABLE_OBJC_WEAK = YES;
				CLANG_WARN_BLOCK_CAPTURE_AUTORELEASING = YES;
				CLANG_WARN_BOOL_CONVERSION = YES;
				CLANG_WARN_COMMA = YES;
				CLANG_WARN_CONSTANT_CONVERSION = YES;
				CLANG_WARN_DEPRECATED_OBJC_IMPLEMENTATIONS = YES;
				CLANG_WARN_DIRECT_OBJC_ISA_USAGE = YES_ERROR;
				CLANG_WARN_DOCUMENTATION_COMMENTS = YES;
				CLANG_WARN_EMPTY_BODY = YES;
				CLANG_WARN_ENUM_CONVERSION = YES;
				CLANG_WARN_INFINITE_RECURSION = YES;
				CLANG_WARN_INT_CONVERSION = YES;
				CLANG_WARN_NON_LITERAL_NULL_CONVERSION = YES;
				CLANG_WARN_OBJC_IMPLICIT_RETAIN_SELF = YES;
				CLANG_WARN_OBJC_LITERAL_CONVERSION = YES;
				CLANG_WARN_OBJC_ROOT_CLASS = YES_ERROR;
				CLANG_WARN_QUOTED_INCLUDE_IN_FRAMEWORK_HEADER = YES;
				CLANG_WARN_RANGE_LOOP_ANALYSIS = YES;
				CLANG_WARN_STRICT_PROTOTYPES = YES;
				CLANG_WARN_SUSPICIOUS_MOVE = YES;
				CLANG_WARN_UNGUARDED_AVAILABILITY = YES_AGGRESSIVE;
				CLANG_WARN_UNREACHABLE_CODE = YES;
				CLANG_WARN__DUPLICATE_METHOD_MATCH = YES;
				COPY_PHASE_STRIP = NO;
				DEBUG_INFORMATION_FORMAT = "dwarf-with-dsym";
				ENABLE_NS_ASSERTIONS = NO;
				ENABLE_STRICT_OBJC_MSGSEND = YES;
				GCC_C_LANGUAGE_STANDARD = gnu11;
				GCC_NO_COMMON_BLOCKS = YES;
				GCC_WARN_64_TO_32_BIT_CONVERSION = YES;
				GCC_WARN_ABOUT_RETURN_TYPE = YES_ERROR;
				GCC_WARN_UNDECLARED_SELECTOR = YES;
				GCC_WARN_UNINITIALIZED_AUTOS = YES_AGGRESSIVE;
				GCC_WARN_UNUSED_FUNCTION = YES;
				GCC_WARN_UNUSED_VARIABLE = YES;
				IPHONEOS_DEPLOYMENT_TARGET = 16.4;
				MTL_ENABLE_DEBUG_INFO = NO;
				MTL_FAST_MATH = YES;
				SDKROOT = iphoneos;
				SWIFT_COMPILATION_MODE = wholemodule;
				SWIFT_OPTIMIZATION_LEVEL = "-O";
				VALIDATE_PRODUCT = YES;
			};
			name = Release;
		};
		FC88311E2B163C8E00A2F5F0 /* Debug */ = {
			isa = XCBuildConfiguration;
			buildSettings = {
				ASSETCATALOG_COMPILER_APPICON_NAME = AppIcon;
				ASSETCATALOG_COMPILER_GLOBAL_ACCENT_COLOR_NAME = AccentColor;
				CODE_SIGN_STYLE = Automatic;
				CURRENT_PROJECT_VERSION = 1;
				DEVELOPMENT_ASSET_PATHS = "\"Topchik/Preview Content\"";
				DEVELOPMENT_TEAM = C5PN73MFP3;
				ENABLE_PREVIEWS = YES;
				GENERATE_INFOPLIST_FILE = YES;
				INFOPLIST_KEY_UIApplicationSceneManifest_Generation = YES;
				INFOPLIST_KEY_UIApplicationSupportsIndirectInputEvents = YES;
				INFOPLIST_KEY_UILaunchScreen_Generation = YES;
				INFOPLIST_KEY_UISupportedInterfaceOrientations_iPad = "UIInterfaceOrientationPortrait UIInterfaceOrientationPortraitUpsideDown UIInterfaceOrientationLandscapeLeft UIInterfaceOrientationLandscapeRight";
				INFOPLIST_KEY_UISupportedInterfaceOrientations_iPhone = "UIInterfaceOrientationPortrait UIInterfaceOrientationLandscapeLeft UIInterfaceOrientationLandscapeRight";
				LD_RUNPATH_SEARCH_PATHS = (
					"$(inherited)",
					"@executable_path/Frameworks",
				);
				MARKETING_VERSION = 1.0;
				PRODUCT_BUNDLE_IDENTIFIER = com.IM88.Topchik;
				PRODUCT_NAME = "$(TARGET_NAME)";
				SWIFT_EMIT_LOC_STRINGS = YES;
				SWIFT_VERSION = 5.0;
				TARGETED_DEVICE_FAMILY = "1,2";
			};
			name = Debug;
		};
		FC88311F2B163C8E00A2F5F0 /* Release */ = {
			isa = XCBuildConfiguration;
			buildSettings = {
				ASSETCATALOG_COMPILER_APPICON_NAME = AppIcon;
				ASSETCATALOG_COMPILER_GLOBAL_ACCENT_COLOR_NAME = AccentColor;
				CODE_SIGN_STYLE = Automatic;
				CURRENT_PROJECT_VERSION = 1;
				DEVELOPMENT_ASSET_PATHS = "\"Topchik/Preview Content\"";
				DEVELOPMENT_TEAM = C5PN73MFP3;
				ENABLE_PREVIEWS = YES;
				GENERATE_INFOPLIST_FILE = YES;
				INFOPLIST_KEY_UIApplicationSceneManifest_Generation = YES;
				INFOPLIST_KEY_UIApplicationSupportsIndirectInputEvents = YES;
				INFOPLIST_KEY_UILaunchScreen_Generation = YES;
				INFOPLIST_KEY_UISupportedInterfaceOrientations_iPad = "UIInterfaceOrientationPortrait UIInterfaceOrientationPortraitUpsideDown UIInterfaceOrientationLandscapeLeft UIInterfaceOrientationLandscapeRight";
				INFOPLIST_KEY_UISupportedInterfaceOrientations_iPhone = "UIInterfaceOrientationPortrait UIInterfaceOrientationLandscapeLeft UIInterfaceOrientationLandscapeRight";
				LD_RUNPATH_SEARCH_PATHS = (
					"$(inherited)",
					"@executable_path/Frameworks",
				);
				MARKETING_VERSION = 1.0;
				PRODUCT_BUNDLE_IDENTIFIER = com.IM88.Topchik;
				PRODUCT_NAME = "$(TARGET_NAME)";
				SWIFT_EMIT_LOC_STRINGS = YES;
				SWIFT_VERSION = 5.0;
				TARGETED_DEVICE_FAMILY = "1,2";
			};
			name = Release;
		};
/* End XCBuildConfiguration section */

/* Begin XCConfigurationList section */
		FC88310A2B163C8D00A2F5F0 /* Build configuration list for PBXProject "Topchik" */ = {
			isa = XCConfigurationList;
			buildConfigurations = (
				FC88311B2B163C8E00A2F5F0 /* Debug */,
				FC88311C2B163C8E00A2F5F0 /* Release */,
			);
			defaultConfigurationIsVisible = 0;
			defaultConfigurationName = Release;
		};
		FC88311D2B163C8E00A2F5F0 /* Build configuration list for PBXNativeTarget "Topchik" */ = {
			isa = XCConfigurationList;
			buildConfigurations = (
				FC88311E2B163C8E00A2F5F0 /* Debug */,
				FC88311F2B163C8E00A2F5F0 /* Release */,
			);
			defaultConfigurationIsVisible = 0;
			defaultConfigurationName = Release;
		};
/* End XCConfigurationList section */

/* Begin XCRemoteSwiftPackageReference section */
		FC3065102B1650680080501B /* XCRemoteSwiftPackageReference "netfox" */ = {
			isa = XCRemoteSwiftPackageReference;
			repositoryURL = "https://github.com/kasketis/netfox.git";
			requirement = {
				kind = upToNextMinorVersion;
				minimumVersion = 1.21.0;
			};
		};
/* End XCRemoteSwiftPackageReference section */

/* Begin XCSwiftPackageProductDependency section */
		FC3065112B1650680080501B /* netfox */ = {
			isa = XCSwiftPackageProductDependency;
			package = FC3065102B1650680080501B /* XCRemoteSwiftPackageReference "netfox" */;
			productName = netfox;
		};
/* End XCSwiftPackageProductDependency section */
	};
	rootObject = FC8831072B163C8D00A2F5F0 /* Project object */;
}
